
Microsoft Visual Studio Solution File, Format Version 12.00
# Visual Studio Version 17
VisualStudioVersion = 17.11.35312.102
MinimumVisualStudioVersion = 10.0.40219.1
Project("{9A19103F-16F7-4668-BE54-9A1E7A4F7556}") = "QParser.Admin", "QParser.Admin.csproj", "{8F12CD60-6FBF-4737-A8E1-A348B428868A}"
EndProject
Project("{9A19103F-16F7-4668-BE54-9A1E7A4F7556}") = "QParser.DAL", "..\QParser.DAL\QParser.DAL.csproj", "{5C22DF6E-A231-4EEA-B0EE-3C2FED491584}"
EndProject
Project("{9A19103F-16F7-4668-BE54-9A1E7A4F7556}") = "QParser.Models", "..\QParser.Entities\QParser.Models.csproj", "{267A7537-7997-43C2-9742-DB3EF27D4970}"
EndProject
Global
	GlobalSection(SolutionConfigurationPlatforms) = preSolution
		Debug|Any CPU = Debug|Any CPU
		Debug|ARM = Debug|ARM
		Debug|ARM64 = Debug|ARM64
		Debug|x64 = Debug|x64
		Debug|x86 = Debug|x86
		Release|Any CPU = Release|Any CPU
		Release|ARM = Release|ARM
		Release|ARM64 = Release|ARM64
		Release|x64 = Release|x64
		Release|x86 = Release|x86
	EndGlobalSection
	GlobalSection(ProjectConfigurationPlatforms) = postSolution
		{8F12CD60-6FBF-4737-A8E1-A348B428868A}.Debug|Any CPU.ActiveCfg = Debug|Any CPU
		{8F12CD60-6FBF-4737-A8E1-A348B428868A}.Debug|Any CPU.Build.0 = Debug|Any CPU
		{8F12CD60-6FBF-4737-A8E1-A348B428868A}.Debug|ARM.ActiveCfg = Debug|Any CPU
		{8F12CD60-6FBF-4737-A8E1-A348B428868A}.Debug|ARM.Build.0 = Debug|Any CPU
		{8F12CD60-6FBF-4737-A8E1-A348B428868A}.Debug|ARM64.ActiveCfg = Debug|Any CPU
		{8F12CD60-6FBF-4737-A8E1-A348B428868A}.Debug|ARM64.Build.0 = Debug|Any CPU
		{8F12CD60-6FBF-4737-A8E1-A348B428868A}.Debug|x64.ActiveCfg = Debug|Any CPU
		{8F12CD60-6FBF-4737-A8E1-A348B428868A}.Debug|x64.Build.0 = Debug|Any CPU
		{8F12CD60-6FBF-4737-A8E1-A348B428868A}.Debug|x86.ActiveCfg = Debug|Any CPU
		{8F12CD60-6FBF-4737-A8E1-A348B428868A}.Debug|x86.Build.0 = Debug|Any CPU
		{8F12CD60-6FBF-4737-A8E1-A348B428868A}.Release|Any CPU.ActiveCfg = Release|Any CPU
		{8F12CD60-6FBF-4737-A8E1-A348B428868A}.Release|Any CPU.Build.0 = Release|Any CPU
		{8F12CD60-6FBF-4737-A8E1-A348B428868A}.Release|ARM.ActiveCfg = Release|Any CPU
		{8F12CD60-6FBF-4737-A8E1-A348B428868A}.Release|ARM.Build.0 = Release|Any CPU
		{8F12CD60-6FBF-4737-A8E1-A348B428868A}.Release|ARM64.ActiveCfg = Release|Any CPU
		{8F12CD60-6FBF-4737-A8E1-A348B428868A}.Release|ARM64.Build.0 = Release|Any CPU
		{8F12CD60-6FBF-4737-A8E1-A348B428868A}.Release|x64.ActiveCfg = Release|Any CPU
		{8F12CD60-6FBF-4737-A8E1-A348B428868A}.Release|x64.Build.0 = Release|Any CPU
		{8F12CD60-6FBF-4737-A8E1-A348B428868A}.Release|x86.ActiveCfg = Release|Any CPU
		{8F12CD60-6FBF-4737-A8E1-A348B428868A}.Release|x86.Build.0 = Release|Any CPU
		{5C22DF6E-A231-4EEA-B0EE-3C2FED491584}.Debug|Any CPU.ActiveCfg = Debug|Any CPU
		{5C22DF6E-A231-4EEA-B0EE-3C2FED491584}.Debug|Any CPU.Build.0 = Debug|Any CPU
		{5C22DF6E-A231-4EEA-B0EE-3C2FED491584}.Debug|ARM.ActiveCfg = Debug|Any CPU
		{5C22DF6E-A231-4EEA-B0EE-3C2FED491584}.Debug|ARM.Build.0 = Debug|Any CPU
		{5C22DF6E-A231-4EEA-B0EE-3C2FED491584}.Debug|ARM64.ActiveCfg = Debug|Any CPU
		{5C22DF6E-A231-4EEA-B0EE-3C2FED491584}.Debug|ARM64.Build.0 = Debug|Any CPU
		{5C22DF6E-A231-4EEA-B0EE-3C2FED491584}.Debug|x64.ActiveCfg = Debug|Any CPU
		{5C22DF6E-A231-4EEA-B0EE-3C2FED491584}.Debug|x64.Build.0 = Debug|Any CPU
		{5C22DF6E-A231-4EEA-B0EE-3C2FED491584}.Debug|x86.ActiveCfg = Debug|x86
		{5C22DF6E-A231-4EEA-B0EE-3C2FED491584}.Debug|x86.Build.0 = Debug|x86
		{5C22DF6E-A231-4EEA-B0EE-3C2FED491584}.Release|Any CPU.ActiveCfg = Release|Any CPU
		{5C22DF6E-A231-4EEA-B0EE-3C2FED491584}.Release|Any CPU.Build.0 = Release|Any CPU
		{5C22DF6E-A231-4EEA-B0EE-3C2FED491584}.Release|ARM.ActiveCfg = Release|Any CPU
		{5C22DF6E-A231-4EEA-B0EE-3C2FED491584}.Release|ARM.Build.0 = Release|Any CPU
		{5C22DF6E-A231-4EEA-B0EE-3C2FED491584}.Release|ARM64.ActiveCfg = Release|Any CPU
		{5C22DF6E-A231-4EEA-B0EE-3C2FED491584}.Release|ARM64.Build.0 = Release|Any CPU
		{5C22DF6E-A231-4EEA-B0EE-3C2FED491584}.Release|x64.ActiveCfg = Release|Any CPU
		{5C22DF6E-A231-4EEA-B0EE-3C2FED491584}.Release|x64.Build.0 = Release|Any CPU
		{5C22DF6E-A231-4EEA-B0EE-3C2FED491584}.Release|x86.ActiveCfg = Release|x86
		{5C22DF6E-A231-4EEA-B0EE-3C2FED491584}.Release|x86.Build.0 = Release|x86
		{267A7537-7997-43C2-9742-DB3EF27D4970}.Debug|Any CPU.ActiveCfg = Debug|Any CPU
		{267A7537-7997-43C2-9742-DB3EF27D4970}.Debug|Any CPU.Build.0 = Debug|Any CPU
		{267A7537-7997-43C2-9742-DB3EF27D4970}.Debug|ARM.ActiveCfg = Debug|Any CPU
		{267A7537-7997-43C2-9742-DB3EF27D4970}.Debug|ARM.Build.0 = Debug|Any CPU
		{267A7537-7997-43C2-9742-DB3EF27D4970}.Debug|ARM64.ActiveCfg = Debug|Any CPU
		{267A7537-7997-43C2-9742-DB3EF27D4970}.Debug|ARM64.Build.0 = Debug|Any CPU
		{267A7537-7997-43C2-9742-DB3EF27D4970}.Debug|x64.ActiveCfg = Debug|Any CPU
		{267A7537-7997-43C2-9742-DB3EF27D4970}.Debug|x64.Build.0 = Debug|Any CPU
		{267A7537-7997-43C2-9742-DB3EF27D4970}.Debug|x86.ActiveCfg = Debug|x86
		{267A7537-7997-43C2-9742-DB3EF27D4970}.Debug|x86.Build.0 = Debug|x86
		{267A7537-7997-43C2-9742-DB3EF27D4970}.Release|Any CPU.ActiveCfg = Release|Any CPU
		{267A7537-7997-43C2-9742-DB3EF27D4970}.Release|Any CPU.Build.0 = Release|Any CPU
		{267A7537-7997-43C2-9742-DB3EF27D4970}.Release|ARM.ActiveCfg = Release|Any CPU
		{267A7537-7997-43C2-9742-DB3EF27D4970}.Release|ARM.Build.0 = Release|Any CPU
		{267A7537-7997-43C2-9742-DB3EF27D4970}.Release|ARM64.ActiveCfg = Release|Any CPU
		{267A7537-7997-43C2-9742-DB3EF27D4970}.Release|ARM64.Build.0 = Release|Any CPU
		{267A7537-7997-43C2-9742-DB3EF27D4970}.Release|x64.ActiveCfg = Release|Any CPU
		{267A7537-7997-43C2-9742-DB3EF27D4970}.Release|x64.Build.0 = Release|Any CPU
		{267A7537-7997-43C2-9742-DB3EF27D4970}.Release|x86.ActiveCfg = Release|x86
		{267A7537-7997-43C2-9742-DB3EF27D4970}.Release|x86.Build.0 = Release|x86
	EndGlobalSection
	GlobalSection(SolutionProperties) = preSolution
		HideSolutionNode = FALSE
	EndGlobalSection
	GlobalSection(ExtensibilityGlobals) = postSolution
		SolutionGuid = {4E2DBFAE-5C84-495C-B9FA-C923AE5B021E}
	EndGlobalSection
EndGlobal
